// !$*UTF8*$!
{
	archiveVersion = 1;
	classes = {
	};
	objectVersion = 56;
	objects = {

/* Begin PBXBuildFile section */
		DAFB67ED2B8BB5A0009653F7 /* AppDelegate.m in Sources */ = {isa = PBXBuildFile; fileRef = DAFB67EC2B8BB5A0009653F7 /* AppDelegate.m */; };
		DAFB67F02B8BB5A0009653F7 /* SceneDelegate.m in Sources */ = {isa = PBXBuildFile; fileRef = DAFB67EF2B8BB5A0009653F7 /* SceneDelegate.m */; };
		DAFB67F62B8BB5A0009653F7 /* Main.storyboard in Resources */ = {isa = PBXBuildFile; fileRef = DAFB67F42B8BB5A0009653F7 /* Main.storyboard */; };
		DAFB67F82B8BB5A2009653F7 /* Assets.xcassets in Resources */ = {isa = PBXBuildFile; fileRef = DAFB67F72B8BB5A2009653F7 /* Assets.xcassets */; };
		DAFB67FB2B8BB5A2009653F7 /* LaunchScreen.storyboard in Resources */ = {isa = PBXBuildFile; fileRef = DAFB67F92B8BB5A2009653F7 /* LaunchScreen.storyboard */; };
		DAFB67FE2B8BB5A2009653F7 /* main.m in Sources */ = {isa = PBXBuildFile; fileRef = DAFB67FD2B8BB5A2009653F7 /* main.m */; };
		DAFB68082B8BB5A2009653F7 /* InAppMessageFrameworkTests.m in Sources */ = {isa = PBXBuildFile; fileRef = DAFB68072B8BB5A2009653F7 /* InAppMessageFrameworkTests.m */; };
		DAFB68122B8BB5A2009653F7 /* InAppMessageFrameworkUITests.m in Sources */ = {isa = PBXBuildFile; fileRef = DAFB68112B8BB5A2009653F7 /* InAppMessageFrameworkUITests.m */; };
		DAFB68142B8BB5A2009653F7 /* InAppMessageFrameworkUITestsLaunchTests.m in Sources */ = {isa = PBXBuildFile; fileRef = DAFB68132B8BB5A2009653F7 /* InAppMessageFrameworkUITestsLaunchTests.m */; };
		DAFB68312B8BB687009653F7 /* FullScreenView.m in Sources */ = {isa = PBXBuildFile; fileRef = DAFB68242B8BB686009653F7 /* FullScreenView.m */; };
		DAFB68322B8BB687009653F7 /* InAppMessageView.m in Sources */ = {isa = PBXBuildFile; fileRef = DAFB68252B8BB686009653F7 /* InAppMessageView.m */; };
		DAFB68332B8BB687009653F7 /* InAppMessage.m in Sources */ = {isa = PBXBuildFile; fileRef = DAFB68272B8BB686009653F7 /* InAppMessage.m */; };
		DAFB68342B8BB687009653F7 /* InAppMessageManager.m in Sources */ = {isa = PBXBuildFile; fileRef = DAFB68282B8BB686009653F7 /* InAppMessageManager.m */; };
		DAFB68352B8BB687009653F7 /* ModalView.m in Sources */ = {isa = PBXBuildFile; fileRef = DAFB68292B8BB686009653F7 /* ModalView.m */; };
		DAFB68362B8BB687009653F7 /* InAppMessageViewFactory.m in Sources */ = {isa = PBXBuildFile; fileRef = DAFB682B2B8BB686009653F7 /* InAppMessageViewFactory.m */; };
		DAFB68372B8BB687009653F7 /* MainViewController.m in Sources */ = {isa = PBXBuildFile; fileRef = DAFB682D2B8BB686009653F7 /* MainViewController.m */; };
		DAFB68382B8BB687009653F7 /* InAppViewController.m in Sources */ = {isa = PBXBuildFile; fileRef = DAFB682E2B8BB686009653F7 /* InAppViewController.m */; };
/* End PBXBuildFile section */

/* Begin PBXContainerItemProxy section */
		DAFB68042B8BB5A2009653F7 /* PBXContainerItemProxy */ = {
			isa = PBXContainerItemProxy;
			containerPortal = DAFB67E02B8BB5A0009653F7 /* Project object */;
			proxyType = 1;
			remoteGlobalIDString = DAFB67E72B8BB5A0009653F7;
			remoteInfo = InAppMessageFramework;
		};
		DAFB680E2B8BB5A2009653F7 /* PBXContainerItemProxy */ = {
			isa = PBXContainerItemProxy;
			containerPortal = DAFB67E02B8BB5A0009653F7 /* Project object */;
			proxyType = 1;
			remoteGlobalIDString = DAFB67E72B8BB5A0009653F7;
			remoteInfo = InAppMessageFramework;
		};
/* End PBXContainerItemProxy section */

/* Begin PBXFileReference section */
		DAFB67E82B8BB5A0009653F7 /* InAppMessageFramework.app */ = {isa = PBXFileReference; explicitFileType = wrapper.application; includeInIndex = 0; path = InAppMessageFramework.app; sourceTree = BUILT_PRODUCTS_DIR; };
		DAFB67EB2B8BB5A0009653F7 /* AppDelegate.h */ = {isa = PBXFileReference; lastKnownFileType = sourcecode.c.h; path = AppDelegate.h; sourceTree = "<group>"; };
		DAFB67EC2B8BB5A0009653F7 /* AppDelegate.m */ = {isa = PBXFileReference; lastKnownFileType = sourcecode.c.objc; path = AppDelegate.m; sourceTree = "<group>"; };
		DAFB67EE2B8BB5A0009653F7 /* SceneDelegate.h */ = {isa = PBXFileReference; lastKnownFileType = sourcecode.c.h; path = SceneDelegate.h; sourceTree = "<group>"; };
		DAFB67EF2B8BB5A0009653F7 /* SceneDelegate.m */ = {isa = PBXFileReference; lastKnownFileType = sourcecode.c.objc; path = SceneDelegate.m; sourceTree = "<group>"; };
		DAFB67F52B8BB5A0009653F7 /* Base */ = {isa = PBXFileReference; lastKnownFileType = file.storyboard; name = Base; path = Base.lproj/Main.storyboard; sourceTree = "<group>"; };
		DAFB67F72B8BB5A2009653F7 /* Assets.xcassets */ = {isa = PBXFileReference; lastKnownFileType = folder.assetcatalog; path = Assets.xcassets; sourceTree = "<group>"; };
		DAFB67FA2B8BB5A2009653F7 /* Base */ = {isa = PBXFileReference; lastKnownFileType = file.storyboard; name = Base; path = Base.lproj/LaunchScreen.storyboard; sourceTree = "<group>"; };
		DAFB67FC2B8BB5A2009653F7 /* Info.plist */ = {isa = PBXFileReference; lastKnownFileType = text.plist.xml; path = Info.plist; sourceTree = "<group>"; };
		DAFB67FD2B8BB5A2009653F7 /* main.m */ = {isa = PBXFileReference; lastKnownFileType = sourcecode.c.objc; path = main.m; sourceTree = "<group>"; };
		DAFB68032B8BB5A2009653F7 /* InAppMessageFrameworkTests.xctest */ = {isa = PBXFileReference; explicitFileType = wrapper.cfbundle; includeInIndex = 0; path = InAppMessageFrameworkTests.xctest; sourceTree = BUILT_PRODUCTS_DIR; };
		DAFB68072B8BB5A2009653F7 /* InAppMessageFrameworkTests.m */ = {isa = PBXFileReference; lastKnownFileType = sourcecode.c.objc; path = InAppMessageFrameworkTests.m; sourceTree = "<group>"; };
		DAFB680D2B8BB5A2009653F7 /* InAppMessageFrameworkUITests.xctest */ = {isa = PBXFileReference; explicitFileType = wrapper.cfbundle; includeInIndex = 0; path = InAppMessageFrameworkUITests.xctest; sourceTree = BUILT_PRODUCTS_DIR; };
		DAFB68112B8BB5A2009653F7 /* InAppMessageFrameworkUITests.m */ = {isa = PBXFileReference; lastKnownFileType = sourcecode.c.objc; path = InAppMessageFrameworkUITests.m; sourceTree = "<group>"; };
		DAFB68132B8BB5A2009653F7 /* InAppMessageFrameworkUITestsLaunchTests.m */ = {isa = PBXFileReference; lastKnownFileType = sourcecode.c.objc; path = InAppMessageFrameworkUITestsLaunchTests.m; sourceTree = "<group>"; };
		DAFB68202B8BB686009653F7 /* FullScreenView.h */ = {isa = PBXFileReference; fileEncoding = 4; lastKnownFileType = sourcecode.c.h; path = FullScreenView.h; sourceTree = "<group>"; };
		DAFB68212B8BB686009653F7 /* InAppMessage.h */ = {isa = PBXFileReference; fileEncoding = 4; lastKnownFileType = sourcecode.c.h; path = InAppMessage.h; sourceTree = "<group>"; };
		DAFB68222B8BB686009653F7 /* InAppMessageViewFactory.h */ = {isa = PBXFileReference; fileEncoding = 4; lastKnownFileType = sourcecode.c.h; path = InAppMessageViewFactory.h; sourceTree = "<group>"; };
		DAFB68232B8BB686009653F7 /* InAppViewController.h */ = {isa = PBXFileReference; fileEncoding = 4; lastKnownFileType = sourcecode.c.h; path = InAppViewController.h; sourceTree = "<group>"; };
		DAFB68242B8BB686009653F7 /* FullScreenView.m */ = {isa = PBXFileReference; fileEncoding = 4; lastKnownFileType = sourcecode.c.objc; path = FullScreenView.m; sourceTree = "<group>"; };
		DAFB68252B8BB686009653F7 /* InAppMessageView.m */ = {isa = PBXFileReference; fileEncoding = 4; lastKnownFileType = sourcecode.c.objc; path = InAppMessageView.m; sourceTree = "<group>"; };
		DAFB68262B8BB686009653F7 /* InAppMessageView.h */ = {isa = PBXFileReference; fileEncoding = 4; lastKnownFileType = sourcecode.c.h; path = InAppMessageView.h; sourceTree = "<group>"; };
		DAFB68272B8BB686009653F7 /* InAppMessage.m */ = {isa = PBXFileReference; fileEncoding = 4; lastKnownFileType = sourcecode.c.objc; path = InAppMessage.m; sourceTree = "<group>"; };
		DAFB68282B8BB686009653F7 /* InAppMessageManager.m */ = {isa = PBXFileReference; fileEncoding = 4; lastKnownFileType = sourcecode.c.objc; path = InAppMessageManager.m; sourceTree = "<group>"; };
		DAFB68292B8BB686009653F7 /* ModalView.m */ = {isa = PBXFileReference; fileEncoding = 4; lastKnownFileType = sourcecode.c.objc; path = ModalView.m; sourceTree = "<group>"; };
		DAFB682A2B8BB686009653F7 /* MainViewController.h */ = {isa = PBXFileReference; fileEncoding = 4; lastKnownFileType = sourcecode.c.h; path = MainViewController.h; sourceTree = "<group>"; };
		DAFB682B2B8BB686009653F7 /* InAppMessageViewFactory.m */ = {isa = PBXFileReference; fileEncoding = 4; lastKnownFileType = sourcecode.c.objc; path = InAppMessageViewFactory.m; sourceTree = "<group>"; };
		DAFB682C2B8BB686009653F7 /* ModalView.h */ = {isa = PBXFileReference; fileEncoding = 4; lastKnownFileType = sourcecode.c.h; path = ModalView.h; sourceTree = "<group>"; };
		DAFB682D2B8BB686009653F7 /* MainViewController.m */ = {isa = PBXFileReference; fileEncoding = 4; lastKnownFileType = sourcecode.c.objc; path = MainViewController.m; sourceTree = "<group>"; };
		DAFB682E2B8BB686009653F7 /* InAppViewController.m */ = {isa = PBXFileReference; fileEncoding = 4; lastKnownFileType = sourcecode.c.objc; path = InAppViewController.m; sourceTree = "<group>"; };
		DAFB682F2B8BB687009653F7 /* InAppMessageViewProtocol.h */ = {isa = PBXFileReference; fileEncoding = 4; lastKnownFileType = sourcecode.c.h; path = InAppMessageViewProtocol.h; sourceTree = "<group>"; };
		DAFB68302B8BB687009653F7 /* InAppMessageManager.h */ = {isa = PBXFileReference; fileEncoding = 4; lastKnownFileType = sourcecode.c.h; path = InAppMessageManager.h; sourceTree = "<group>"; };
		DAFB68392B8BC816009653F7 /* InAppFrameworkConstants.h */ = {isa = PBXFileReference; lastKnownFileType = sourcecode.c.h; path = InAppFrameworkConstants.h; sourceTree = "<group>"; };
/* End PBXFileReference section */

/* Begin PBXFrameworksBuildPhase section */
		DAFB67E52B8BB5A0009653F7 /* Frameworks */ = {
			isa = PBXFrameworksBuildPhase;
			buildActionMask = 2147483647;
			files = (
			);
			runOnlyForDeploymentPostprocessing = 0;
		};
		DAFB68002B8BB5A2009653F7 /* Frameworks */ = {
			isa = PBXFrameworksBuildPhase;
			buildActionMask = 2147483647;
			files = (
			);
			runOnlyForDeploymentPostprocessing = 0;
		};
		DAFB680A2B8BB5A2009653F7 /* Frameworks */ = {
			isa = PBXFrameworksBuildPhase;
			buildActionMask = 2147483647;
			files = (
			);
			runOnlyForDeploymentPostprocessing = 0;
		};
/* End PBXFrameworksBuildPhase section */

/* Begin PBXGroup section */
		DAFB67DF2B8BB5A0009653F7 = {
			isa = PBXGroup;
			children = (
				DAFB67EA2B8BB5A0009653F7 /* InAppMessageFramework */,
				DAFB68062B8BB5A2009653F7 /* InAppMessageFrameworkTests */,
				DAFB68102B8BB5A2009653F7 /* InAppMessageFrameworkUITests */,
				DAFB67E92B8BB5A0009653F7 /* Products */,
			);
			sourceTree = "<group>";
		};
		DAFB67E92B8BB5A0009653F7 /* Products */ = {
			isa = PBXGroup;
			children = (
				DAFB67E82B8BB5A0009653F7 /* InAppMessageFramework.app */,
				DAFB68032B8BB5A2009653F7 /* InAppMessageFrameworkTests.xctest */,
				DAFB680D2B8BB5A2009653F7 /* InAppMessageFrameworkUITests.xctest */,
			);
			name = Products;
			sourceTree = "<group>";
		};
		DAFB67EA2B8BB5A0009653F7 /* InAppMessageFramework */ = {
			isa = PBXGroup;
			children = (
				DAFB67EB2B8BB5A0009653F7 /* AppDelegate.h */,
				DAFB67EC2B8BB5A0009653F7 /* AppDelegate.m */,
				DAFB67EE2B8BB5A0009653F7 /* SceneDelegate.h */,
				DAFB67EF2B8BB5A0009653F7 /* SceneDelegate.m */,
				DAFB67F42B8BB5A0009653F7 /* Main.storyboard */,
				DAFB67F72B8BB5A2009653F7 /* Assets.xcassets */,
				DAFB67F92B8BB5A2009653F7 /* LaunchScreen.storyboard */,
				DAFB67FC2B8BB5A2009653F7 /* Info.plist */,
				DAFB67FD2B8BB5A2009653F7 /* main.m */,
				DAFB68202B8BB686009653F7 /* FullScreenView.h */,
				DAFB68242B8BB686009653F7 /* FullScreenView.m */,
				DAFB68212B8BB686009653F7 /* InAppMessage.h */,
				DAFB68272B8BB686009653F7 /* InAppMessage.m */,
				DAFB68302B8BB687009653F7 /* InAppMessageManager.h */,
				DAFB68282B8BB686009653F7 /* InAppMessageManager.m */,
				DAFB68262B8BB686009653F7 /* InAppMessageView.h */,
				DAFB68252B8BB686009653F7 /* InAppMessageView.m */,
				DAFB68222B8BB686009653F7 /* InAppMessageViewFactory.h */,
				DAFB682B2B8BB686009653F7 /* InAppMessageViewFactory.m */,
				DAFB682F2B8BB687009653F7 /* InAppMessageViewProtocol.h */,
				DAFB68232B8BB686009653F7 /* InAppViewController.h */,
				DAFB682E2B8BB686009653F7 /* InAppViewController.m */,
				DAFB682A2B8BB686009653F7 /* MainViewController.h */,
				DAFB682D2B8BB686009653F7 /* MainViewController.m */,
				DAFB682C2B8BB686009653F7 /* ModalView.h */,
				DAFB68292B8BB686009653F7 /* ModalView.m */,
				DAFB68392B8BC816009653F7 /* InAppFrameworkConstants.h */,
			);
			path = InAppMessageFramework;
			sourceTree = "<group>";
		};
		DAFB68062B8BB5A2009653F7 /* InAppMessageFrameworkTests */ = {
			isa = PBXGroup;
			children = (
				DAFB68072B8BB5A2009653F7 /* InAppMessageFrameworkTests.m */,
			);
			path = InAppMessageFrameworkTests;
			sourceTree = "<group>";
		};
		DAFB68102B8BB5A2009653F7 /* InAppMessageFrameworkUITests */ = {
			isa = PBXGroup;
			children = (
				DAFB68112B8BB5A2009653F7 /* InAppMessageFrameworkUITests.m */,
				DAFB68132B8BB5A2009653F7 /* InAppMessageFrameworkUITestsLaunchTests.m */,
			);
			path = InAppMessageFrameworkUITests;
			sourceTree = "<group>";
		};
/* End PBXGroup section */

/* Begin PBXNativeTarget section */
		DAFB67E72B8BB5A0009653F7 /* InAppMessageFramework */ = {
			isa = PBXNativeTarget;
			buildConfigurationList = DAFB68172B8BB5A2009653F7 /* Build configuration list for PBXNativeTarget "InAppMessageFramework" */;
			buildPhases = (
				DAFB67E42B8BB5A0009653F7 /* Sources */,
				DAFB67E52B8BB5A0009653F7 /* Frameworks */,
				DAFB67E62B8BB5A0009653F7 /* Resources */,
			);
			buildRules = (
			);
			dependencies = (
			);
			name = InAppMessageFramework;
			productName = InAppMessageFramework;
			productReference = DAFB67E82B8BB5A0009653F7 /* InAppMessageFramework.app */;
			productType = "com.apple.product-type.application";
		};
		DAFB68022B8BB5A2009653F7 /* InAppMessageFrameworkTests */ = {
			isa = PBXNativeTarget;
			buildConfigurationList = DAFB681A2B8BB5A2009653F7 /* Build configuration list for PBXNativeTarget "InAppMessageFrameworkTests" */;
			buildPhases = (
				DAFB67FF2B8BB5A2009653F7 /* Sources */,
				DAFB68002B8BB5A2009653F7 /* Frameworks */,
				DAFB68012B8BB5A2009653F7 /* Resources */,
			);
			buildRules = (
			);
			dependencies = (
				DAFB68052B8BB5A2009653F7 /* PBXTargetDependency */,
			);
			name = InAppMessageFrameworkTests;
			productName = InAppMessageFrameworkTests;
			productReference = DAFB68032B8BB5A2009653F7 /* InAppMessageFrameworkTests.xctest */;
			productType = "com.apple.product-type.bundle.unit-test";
		};
		DAFB680C2B8BB5A2009653F7 /* InAppMessageFrameworkUITests */ = {
			isa = PBXNativeTarget;
			buildConfigurationList = DAFB681D2B8BB5A2009653F7 /* Build configuration list for PBXNativeTarget "InAppMessageFrameworkUITests" */;
			buildPhases = (
				DAFB68092B8BB5A2009653F7 /* Sources */,
				DAFB680A2B8BB5A2009653F7 /* Frameworks */,
				DAFB680B2B8BB5A2009653F7 /* Resources */,
			);
			buildRules = (
			);
			dependencies = (
				DAFB680F2B8BB5A2009653F7 /* PBXTargetDependency */,
			);
			name = InAppMessageFrameworkUITests;
			productName = InAppMessageFrameworkUITests;
			productReference = DAFB680D2B8BB5A2009653F7 /* InAppMessageFrameworkUITests.xctest */;
			productType = "com.apple.product-type.bundle.ui-testing";
		};
/* End PBXNativeTarget section */

/* Begin PBXProject section */
		DAFB67E02B8BB5A0009653F7 /* Project object */ = {
			isa = PBXProject;
			attributes = {
				BuildIndependentTargetsInParallel = 1;
				LastUpgradeCheck = 1520;
				TargetAttributes = {
					DAFB67E72B8BB5A0009653F7 = {
						CreatedOnToolsVersion = 15.2;
					};
					DAFB68022B8BB5A2009653F7 = {
						CreatedOnToolsVersion = 15.2;
						TestTargetID = DAFB67E72B8BB5A0009653F7;
					};
					DAFB680C2B8BB5A2009653F7 = {
						CreatedOnToolsVersion = 15.2;
						TestTargetID = DAFB67E72B8BB5A0009653F7;
					};
				};
			};
			buildConfigurationList = DAFB67E32B8BB5A0009653F7 /* Build configuration list for PBXProject "InAppMessageFramework" */;
			compatibilityVersion = "Xcode 14.0";
			developmentRegion = en;
			hasScannedForEncodings = 0;
			knownRegions = (
				en,
				Base,
			);
			mainGroup = DAFB67DF2B8BB5A0009653F7;
			productRefGroup = DAFB67E92B8BB5A0009653F7 /* Products */;
			projectDirPath = "";
			projectRoot = "";
			targets = (
				DAFB67E72B8BB5A0009653F7 /* InAppMessageFramework */,
				DAFB68022B8BB5A2009653F7 /* InAppMessageFrameworkTests */,
				DAFB680C2B8BB5A2009653F7 /* InAppMessageFrameworkUITests */,
			);
		};
/* End PBXProject section */

/* Begin PBXResourcesBuildPhase section */
		DAFB67E62B8BB5A0009653F7 /* Resources */ = {
			isa = PBXResourcesBuildPhase;
			buildActionMask = 2147483647;
			files = (
				DAFB67FB2B8BB5A2009653F7 /* LaunchScreen.storyboard in Resources */,
				DAFB67F82B8BB5A2009653F7 /* Assets.xcassets in Resources */,
				DAFB67F62B8BB5A0009653F7 /* Main.storyboard in Resources */,
			);
			runOnlyForDeploymentPostprocessing = 0;
		};
		DAFB68012B8BB5A2009653F7 /* Resources */ = {
			isa = PBXResourcesBuildPhase;
			buildActionMask = 2147483647;
			files = (
			);
			runOnlyForDeploymentPostprocessing = 0;
		};
		DAFB680B2B8BB5A2009653F7 /* Resources */ = {
			isa = PBXResourcesBuildPhase;
			buildActionMask = 2147483647;
			files = (
			);
			runOnlyForDeploymentPostprocessing = 0;
		};
/* End PBXResourcesBuildPhase section */

/* Begin PBXSourcesBuildPhase section */
		DAFB67E42B8BB5A0009653F7 /* Sources */ = {
			isa = PBXSourcesBuildPhase;
			buildActionMask = 2147483647;
			files = (
				DAFB68372B8BB687009653F7 /* MainViewController.m in Sources */,
				DAFB68362B8BB687009653F7 /* InAppMessageViewFactory.m in Sources */,
				DAFB68342B8BB687009653F7 /* InAppMessageManager.m in Sources */,
				DAFB68322B8BB687009653F7 /* InAppMessageView.m in Sources */,
				DAFB68312B8BB687009653F7 /* FullScreenView.m in Sources */,
				DAFB68352B8BB687009653F7 /* ModalView.m in Sources */,
				DAFB68382B8BB687009653F7 /* InAppViewController.m in Sources */,
				DAFB67ED2B8BB5A0009653F7 /* AppDelegate.m in Sources */,
				DAFB68332B8BB687009653F7 /* InAppMessage.m in Sources */,
				DAFB67FE2B8BB5A2009653F7 /* main.m in Sources */,
				DAFB67F02B8BB5A0009653F7 /* SceneDelegate.m in Sources */,
			);
			runOnlyForDeploymentPostprocessing = 0;
		};
		DAFB67FF2B8BB5A2009653F7 /* Sources */ = {
			isa = PBXSourcesBuildPhase;
			buildActionMask = 2147483647;
			files = (
				DAFB68082B8BB5A2009653F7 /* InAppMessageFrameworkTests.m in Sources */,
			);
			runOnlyForDeploymentPostprocessing = 0;
		};
		DAFB68092B8BB5A2009653F7 /* Sources */ = {
			isa = PBXSourcesBuildPhase;
			buildActionMask = 2147483647;
			files = (
				DAFB68142B8BB5A2009653F7 /* InAppMessageFrameworkUITestsLaunchTests.m in Sources */,
				DAFB68122B8BB5A2009653F7 /* InAppMessageFrameworkUITests.m in Sources */,
			);
			runOnlyForDeploymentPostprocessing = 0;
		};
/* End PBXSourcesBuildPhase section */

/* Begin PBXTargetDependency section */
		DAFB68052B8BB5A2009653F7 /* PBXTargetDependency */ = {
			isa = PBXTargetDependency;
			target = DAFB67E72B8BB5A0009653F7 /* InAppMessageFramework */;
			targetProxy = DAFB68042B8BB5A2009653F7 /* PBXContainerItemProxy */;
		};
		DAFB680F2B8BB5A2009653F7 /* PBXTargetDependency */ = {
			isa = PBXTargetDependency;
			target = DAFB67E72B8BB5A0009653F7 /* InAppMessageFramework */;
			targetProxy = DAFB680E2B8BB5A2009653F7 /* PBXContainerItemProxy */;
		};
/* End PBXTargetDependency section */

/* Begin PBXVariantGroup section */
		DAFB67F42B8BB5A0009653F7 /* Main.storyboard */ = {
			isa = PBXVariantGroup;
			children = (
				DAFB67F52B8BB5A0009653F7 /* Base */,
			);
			name = Main.storyboard;
			sourceTree = "<group>";
		};
		DAFB67F92B8BB5A2009653F7 /* LaunchScreen.storyboard */ = {
			isa = PBXVariantGroup;
			children = (
				DAFB67FA2B8BB5A2009653F7 /* Base */,
			);
			name = LaunchScreen.storyboard;
			sourceTree = "<group>";
		};
/* End PBXVariantGroup section */

/* Begin XCBuildConfiguration section */
		DAFB68152B8BB5A2009653F7 /* Debug */ = {
			isa = XCBuildConfiguration;
			buildSettings = {
				ALWAYS_SEARCH_USER_PATHS = NO;
				ASSETCATALOG_COMPILER_GENERATE_SWIFT_ASSET_SYMBOL_EXTENSIONS = YES;
				CLANG_ANALYZER_NONNULL = YES;
				CLANG_ANALYZER_NUMBER_OBJECT_CONVERSION = YES_AGGRESSIVE;
				CLANG_CXX_LANGUAGE_STANDARD = "gnu++20";
				CLANG_ENABLE_MODULES = YES;
				CLANG_ENABLE_OBJC_ARC = YES;
				CLANG_ENABLE_OBJC_WEAK = YES;
				CLANG_WARN_BLOCK_CAPTURE_AUTORELEASING = YES;
				CLANG_WARN_BOOL_CONVERSION = YES;
				CLANG_WARN_COMMA = YES;
				CLANG_WARN_CONSTANT_CONVERSION = YES;
				CLANG_WARN_DEPRECATED_OBJC_IMPLEMENTATIONS = YES;
				CLANG_WARN_DIRECT_OBJC_ISA_USAGE = YES_ERROR;
				CLANG_WARN_DOCUMENTATION_COMMENTS = YES;
				CLANG_WARN_EMPTY_BODY = YES;
				CLANG_WARN_ENUM_CONVERSION = YES;
				CLANG_WARN_INFINITE_RECURSION = YES;
				CLANG_WARN_INT_CONVERSION = YES;
				CLANG_WARN_NON_LITERAL_NULL_CONVERSION = YES;
				CLANG_WARN_OBJC_IMPLICIT_RETAIN_SELF = YES;
				CLANG_WARN_OBJC_LITERAL_CONVERSION = YES;
				CLANG_WARN_OBJC_ROOT_CLASS = YES_ERROR;
				CLANG_WARN_QUOTED_INCLUDE_IN_FRAMEWORK_HEADER = YES;
				CLANG_WARN_RANGE_LOOP_ANALYSIS = YES;
				CLANG_WARN_STRICT_PROTOTYPES = YES;
				CLANG_WARN_SUSPICIOUS_MOVE = YES;
				CLANG_WARN_UNGUARDED_AVAILABILITY = YES_AGGRESSIVE;
				CLANG_WARN_UNREACHABLE_CODE = YES;
				CLANG_WARN__DUPLICATE_METHOD_MATCH = YES;
				COPY_PHASE_STRIP = NO;
				DEBUG_INFORMATION_FORMAT = dwarf;
				ENABLE_STRICT_OBJC_MSGSEND = YES;
				ENABLE_TESTABILITY = YES;
				ENABLE_USER_SCRIPT_SANDBOXING = YES;
				GCC_C_LANGUAGE_STANDARD = gnu17;
				GCC_DYNAMIC_NO_PIC = NO;
				GCC_NO_COMMON_BLOCKS = YES;
				GCC_OPTIMIZATION_LEVEL = 0;
				GCC_PREPROCESSOR_DEFINITIONS = (
					"DEBUG=1",
					"$(inherited)",
				);
				GCC_WARN_64_TO_32_BIT_CONVERSION = YES;
				GCC_WARN_ABOUT_RETURN_TYPE = YES_ERROR;
				GCC_WARN_UNDECLARED_SELECTOR = YES;
				GCC_WARN_UNINITIALIZED_AUTOS = YES_AGGRESSIVE;
				GCC_WARN_UNUSED_FUNCTION = YES;
				GCC_WARN_UNUSED_VARIABLE = YES;
				IPHONEOS_DEPLOYMENT_TARGET = 17.2;
				LOCALIZATION_PREFERS_STRING_CATALOGS = YES;
				MTL_ENABLE_DEBUG_INFO = INCLUDE_SOURCE;
				MTL_FAST_MATH = YES;
				ONLY_ACTIVE_ARCH = YES;
				SDKROOT = iphoneos;
			};
			name = Debug;
		};
		DAFB68162B8BB5A2009653F7 /* Release */ = {
			isa = XCBuildConfiguration;
			buildSettings = {
				ALWAYS_SEARCH_USER_PATHS = NO;
				ASSETCATALOG_COMPILER_GENERATE_SWIFT_ASSET_SYMBOL_EXTENSIONS = YES;
				CLANG_ANALYZER_NONNULL = YES;
				CLANG_ANALYZER_NUMBER_OBJECT_CONVERSION = YES_AGGRESSIVE;
				CLANG_CXX_LANGUAGE_STANDARD = "gnu++20";
				CLANG_ENABLE_MODULES = YES;
				CLANG_ENABLE_OBJC_ARC = YES;
				CLANG_ENABLE_OBJC_WEAK = YES;
				CLANG_WARN_BLOCK_CAPTURE_AUTORELEASING = YES;
				CLANG_WARN_BOOL_CONVERSION = YES;
				CLANG_WARN_COMMA = YES;
				CLANG_WARN_CONSTANT_CONVERSION = YES;
				CLANG_WARN_DEPRECATED_OBJC_IMPLEMENTATIONS = YES;
				CLANG_WARN_DIRECT_OBJC_ISA_USAGE = YES_ERROR;
				CLANG_WARN_DOCUMENTATION_COMMENTS = YES;
				CLANG_WARN_EMPTY_BODY = YES;
				CLANG_WARN_ENUM_CONVERSION = YES;
				CLANG_WARN_INFINITE_RECURSION = YES;
				CLANG_WARN_INT_CONVERSION = YES;
				CLANG_WARN_NON_LITERAL_NULL_CONVERSION = YES;
				CLANG_WARN_OBJC_IMPLICIT_RETAIN_SELF = YES;
				CLANG_WARN_OBJC_LITERAL_CONVERSION = YES;
				CLANG_WARN_OBJC_ROOT_CLASS = YES_ERROR;
				CLANG_WARN_QUOTED_INCLUDE_IN_FRAMEWORK_HEADER = YES;
				CLANG_WARN_RANGE_LOOP_ANALYSIS = YES;
				CLANG_WARN_STRICT_PROTOTYPES = YES;
				CLANG_WARN_SUSPICIOUS_MOVE = YES;
				CLANG_WARN_UNGUARDED_AVAILABILITY = YES_AGGRESSIVE;
				CLANG_WARN_UNREACHABLE_CODE = YES;
				CLANG_WARN__DUPLICATE_METHOD_MATCH = YES;
				COPY_PHASE_STRIP = NO;
				DEBUG_INFORMATION_FORMAT = "dwarf-with-dsym";
				ENABLE_NS_ASSERTIONS = NO;
				ENABLE_STRICT_OBJC_MSGSEND = YES;
				ENABLE_USER_SCRIPT_SANDBOXING = YES;
				GCC_C_LANGUAGE_STANDARD = gnu17;
				GCC_NO_COMMON_BLOCKS = YES;
				GCC_WARN_64_TO_32_BIT_CONVERSION = YES;
				GCC_WARN_ABOUT_RETURN_TYPE = YES_ERROR;
				GCC_WARN_UNDECLARED_SELECTOR = YES;
				GCC_WARN_UNINITIALIZED_AUTOS = YES_AGGRESSIVE;
				GCC_WARN_UNUSED_FUNCTION = YES;
				GCC_WARN_UNUSED_VARIABLE = YES;
				IPHONEOS_DEPLOYMENT_TARGET = 17.2;
				LOCALIZATION_PREFERS_STRING_CATALOGS = YES;
				MTL_ENABLE_DEBUG_INFO = NO;
				MTL_FAST_MATH = YES;
				SDKROOT = iphoneos;
				VALIDATE_PRODUCT = YES;
			};
			name = Release;
		};
		DAFB68182B8BB5A2009653F7 /* Debug */ = {
			isa = XCBuildConfiguration;
			buildSettings = {
				ASSETCATALOG_COMPILER_APPICON_NAME = AppIcon;
				ASSETCATALOG_COMPILER_GLOBAL_ACCENT_COLOR_NAME = AccentColor;
				CODE_SIGN_STYLE = Automatic;
				CURRENT_PROJECT_VERSION = 1;
				DEVELOPMENT_TEAM = 9C759Q4CFH;
				GENERATE_INFOPLIST_FILE = YES;
				INFOPLIST_FILE = InAppMessageFramework/Info.plist;
				INFOPLIST_KEY_UIApplicationSupportsIndirectInputEvents = YES;
				INFOPLIST_KEY_UILaunchStoryboardName = LaunchScreen;
				INFOPLIST_KEY_UIMainStoryboardFile = Main;
				INFOPLIST_KEY_UISupportedInterfaceOrientations_iPad = "UIInterfaceOrientationPortrait UIInterfaceOrientationPortraitUpsideDown UIInterfaceOrientationLandscapeLeft UIInterfaceOrientationLandscapeRight";
				INFOPLIST_KEY_UISupportedInterfaceOrientations_iPhone = "UIInterfaceOrientationPortrait UIInterfaceOrientationLandscapeLeft UIInterfaceOrientationLandscapeRight";
				LD_RUNPATH_SEARCH_PATHS = (
					"$(inherited)",
					"@executable_path/Frameworks",
				);
				MARKETING_VERSION = 1.0;
				PRODUCT_BUNDLE_IDENTIFIER = teisaacs.com.InAppMessageFramework;
				PRODUCT_NAME = "$(TARGET_NAME)";
				SWIFT_EMIT_LOC_STRINGS = YES;
				TARGETED_DEVICE_FAMILY = "1,2";
			};
			name = Debug;
		};
		DAFB68192B8BB5A2009653F7 /* Release */ = {
			isa = XCBuildConfiguration;
			buildSettings = {
				ASSETCATALOG_COMPILER_APPICON_NAME = AppIcon;
				ASSETCATALOG_COMPILER_GLOBAL_ACCENT_COLOR_NAME = AccentColor;
				CODE_SIGN_STYLE = Automatic;
				CURRENT_PROJECT_VERSION = 1;
				DEVELOPMENT_TEAM = 9C759Q4CFH;
				GENERATE_INFOPLIST_FILE = YES;
				INFOPLIST_FILE = InAppMessageFramework/Info.plist;
				INFOPLIST_KEY_UIApplicationSupportsIndirectInputEvents = YES;
				INFOPLIST_KEY_UILaunchStoryboardName = LaunchScreen;
				INFOPLIST_KEY_UIMainStoryboardFile = Main;
				INFOPLIST_KEY_UISupportedInterfaceOrientations_iPad = "UIInterfaceOrientationPortrait UIInterfaceOrientationPortraitUpsideDown UIInterfaceOrientationLandscapeLeft UIInterfaceOrientationLandscapeRight";
				INFOPLIST_KEY_UISupportedInterfaceOrientations_iPhone = "UIInterfaceOrientationPortrait UIInterfaceOrientationLandscapeLeft UIInterfaceOrientationLandscapeRight";
				LD_RUNPATH_SEARCH_PATHS = (
					"$(inherited)",
					"@executable_path/Frameworks",
				);
				MARKETING_VERSION = 1.0;
				PRODUCT_BUNDLE_IDENTIFIER = teisaacs.com.InAppMessageFramework;
				PRODUCT_NAME = "$(TARGET_NAME)";
				SWIFT_EMIT_LOC_STRINGS = YES;
				TARGETED_DEVICE_FAMILY = "1,2";
			};
			name = Release;
		};
		DAFB681B2B8BB5A2009653F7 /* Debug */ = {
			isa = XCBuildConfiguration;
			buildSettings = {
				BUNDLE_LOADER = "$(TEST_HOST)";
				CODE_SIGN_STYLE = Automatic;
				CURRENT_PROJECT_VERSION = 1;
				DEVELOPMENT_TEAM = 9C759Q4CFH;
				GENERATE_INFOPLIST_FILE = YES;
				IPHONEOS_DEPLOYMENT_TARGET = 17.2;
				MARKETING_VERSION = 1.0;
				PRODUCT_BUNDLE_IDENTIFIER = teisaacs.com.InAppMessageFrameworkTests;
				PRODUCT_NAME = "$(TARGET_NAME)";
				SWIFT_EMIT_LOC_STRINGS = NO;
				TARGETED_DEVICE_FAMILY = "1,2";
				TEST_HOST = "$(BUILT_PRODUCTS_DIR)/InAppMessageFramework.app/$(BUNDLE_EXECUTABLE_FOLDER_PATH)/InAppMessageFramework";
			};
			name = Debug;
		};
		DAFB681C2B8BB5A2009653F7 /* Release */ = {
			isa = XCBuildConfiguration;
			buildSettings = {
				BUNDLE_LOADER = "$(TEST_HOST)";
				CODE_SIGN_STYLE = Automatic;
				CURRENT_PROJECT_VERSION = 1;
				DEVELOPMENT_TEAM = 9C759Q4CFH;
				GENERATE_INFOPLIST_FILE = YES;
				IPHONEOS_DEPLOYMENT_TARGET = 17.2;
				MARKETING_VERSION = 1.0;
				PRODUCT_BUNDLE_IDENTIFIER = teisaacs.com.InAppMessageFrameworkTests;
				PRODUCT_NAME = "$(TARGET_NAME)";
				SWIFT_EMIT_LOC_STRINGS = NO;
				TARGETED_DEVICE_FAMILY = "1,2";
				TEST_HOST = "$(BUILT_PRODUCTS_DIR)/InAppMessageFramework.app/$(BUNDLE_EXECUTABLE_FOLDER_PATH)/InAppMessageFramework";
			};
			name = Release;
		};
		DAFB681E2B8BB5A2009653F7 /* Debug */ = {
			isa = XCBuildConfiguration;
			buildSettings = {
				CODE_SIGN_STYLE = Automatic;
				CURRENT_PROJECT_VERSION = 1;
				DEVELOPMENT_TEAM = 9C759Q4CFH;
				GENERATE_INFOPLIST_FILE = YES;
				MARKETING_VERSION = 1.0;
				PRODUCT_BUNDLE_IDENTIFIER = teisaacs.com.InAppMessageFrameworkUITests;
				PRODUCT_NAME = "$(TARGET_NAME)";
				SWIFT_EMIT_LOC_STRINGS = NO;
				TARGETED_DEVICE_FAMILY = "1,2";
				TEST_TARGET_NAME = InAppMessageFramework;
			};
			name = Debug;
		};
		DAFB681F2B8BB5A2009653F7 /* Release */ = {
			isa = XCBuildConfiguration;
			buildSettings = {
				CODE_SIGN_STYLE = Automatic;
				CURRENT_PROJECT_VERSION = 1;
				DEVELOPMENT_TEAM = 9C759Q4CFH;
				GENERATE_INFOPLIST_FILE = YES;
				MARKETING_VERSION = 1.0;
				PRODUCT_BUNDLE_IDENTIFIER = teisaacs.com.InAppMessageFrameworkUITests;
				PRODUCT_NAME = "$(TARGET_NAME)";
				SWIFT_EMIT_LOC_STRINGS = NO;
				TARGETED_DEVICE_FAMILY = "1,2";
				TEST_TARGET_NAME = InAppMessageFramework;
			};
			name = Release;
		};
/* End XCBuildConfiguration section */

/* Begin XCConfigurationList section */
		DAFB67E32B8BB5A0009653F7 /* Build configuration list for PBXProject "InAppMessageFramework" */ = {
			isa = XCConfigurationList;
			buildConfigurations = (
				DAFB68152B8BB5A2009653F7 /* Debug */,
				DAFB68162B8BB5A2009653F7 /* Release */,
			);
			defaultConfigurationIsVisible = 0;
			defaultConfigurationName = Release;
		};
		DAFB68172B8BB5A2009653F7 /* Build configuration list for PBXNativeTarget "InAppMessageFramework" */ = {
			isa = XCConfigurationList;
			buildConfigurations = (
				DAFB68182B8BB5A2009653F7 /* Debug */,
				DAFB68192B8BB5A2009653F7 /* Release */,
			);
			defaultConfigurationIsVisible = 0;
			defaultConfigurationName = Release;
		};
		DAFB681A2B8BB5A2009653F7 /* Build configuration list for PBXNativeTarget "InAppMessageFrameworkTests" */ = {
			isa = XCConfigurationList;
			buildConfigurations = (
				DAFB681B2B8BB5A2009653F7 /* Debug */,
				DAFB681C2B8BB5A2009653F7 /* Release */,
			);
			defaultConfigurationIsVisible = 0;
			defaultConfigurationName = Release;
		};
		DAFB681D2B8BB5A2009653F7 /* Build configuration list for PBXNativeTarget "InAppMessageFrameworkUITests" */ = {
			isa = XCConfigurationList;
			buildConfigurations = (
				DAFB681E2B8BB5A2009653F7 /* Debug */,
				DAFB681F2B8BB5A2009653F7 /* Release */,
			);
			defaultConfigurationIsVisible = 0;
			defaultConfigurationName = Release;
		};
/* End XCConfigurationList section */
	};
	rootObject = DAFB67E02B8BB5A0009653F7 /* Project object */;
}
